
Microsoft Visual Studio Solution File, Format Version 12.00
# Visual Studio Version 16
VisualStudioVersion = 16.0.31613.86
MinimumVisualStudioVersion = 10.0.40219.1
Project("{FAE04EC0-301F-11D3-BF4B-00C04F79EFBC}") = "Problema_Retangulo", "Problema_Retangulo\Problema_Retangulo.csproj", "{0BAE841F-77A1-49D5-B1D9-598BB139E255}"
EndProject
Global
	GlobalSection(SolutionConfigurationPlatforms) = preSolution
		Debug|Any CPU = Debug|Any CPU
		Release|Any CPU = Release|Any CPU
	EndGlobalSection
	GlobalSection(ProjectConfigurationPlatforms) = postSolution
		{0BAE841F-77A1-49D5-B1D9-598BB139E255}.Debug|Any CPU.ActiveCfg = Debug|Any CPU
		{0BAE841F-77A1-49D5-B1D9-598BB139E255}.Debug|Any CPU.Build.0 = Debug|Any CPU
		{0BAE841F-77A1-49D5-B1D9-598BB139E255}.Release|Any CPU.ActiveCfg = Release|Any CPU
		{0BAE841F-77A1-49D5-B1D9-598BB139E255}.Release|Any CPU.Build.0 = Release|Any CPU
	EndGlobalSection
	GlobalSection(SolutionProperties) = preSolution
		HideSolutionNode = FALSE
	EndGlobalSection
	GlobalSection(ExtensibilityGlobals) = postSolution
		SolutionGuid = {5B7BDD30-568B-4C52-AE81-001AC65AB7EC}
	EndGlobalSection
EndGlobal
